// !$*UTF8*$!
{
	archiveVersion = 1;
	classes = {
	};
	objectVersion = 50;
	objects = {

/* Begin PBXBuildFile section */
		1E49B52C26B4B356001C90CB /* ShakespeareApp.swift in Sources */ = {isa = PBXBuildFile; fileRef = 1E49B50326B4B353001C90CB /* ShakespeareApp.swift */; };
		1E49B52D26B4B356001C90CB /* ShakespeareApp.swift in Sources */ = {isa = PBXBuildFile; fileRef = 1E49B50326B4B353001C90CB /* ShakespeareApp.swift */; };
		1E49B53026B4B356001C90CB /* Assets.xcassets in Resources */ = {isa = PBXBuildFile; fileRef = 1E49B50526B4B356001C90CB /* Assets.xcassets */; };
		1E49B53126B4B356001C90CB /* Assets.xcassets in Resources */ = {isa = PBXBuildFile; fileRef = 1E49B50526B4B356001C90CB /* Assets.xcassets */; };
		1E49B54126B4BD9B001C90CB /* LaunchScreen.storyboard in Resources */ = {isa = PBXBuildFile; fileRef = 1E49B54026B4BD9A001C90CB /* LaunchScreen.storyboard */; };
		1E49B54626B4C1BD001C90CB /* NetworkController.swift in Sources */ = {isa = PBXBuildFile; fileRef = 1E49B54526B4C1BD001C90CB /* NetworkController.swift */; };
		1E49B54726B4C1BD001C90CB /* NetworkController.swift in Sources */ = {isa = PBXBuildFile; fileRef = 1E49B54526B4C1BD001C90CB /* NetworkController.swift */; };
		1E49B54926B4C213001C90CB /* NetworkRepository.swift in Sources */ = {isa = PBXBuildFile; fileRef = 1E49B54826B4C213001C90CB /* NetworkRepository.swift */; };
		1E49B54A26B4C213001C90CB /* NetworkRepository.swift in Sources */ = {isa = PBXBuildFile; fileRef = 1E49B54826B4C213001C90CB /* NetworkRepository.swift */; };
		1E49B54D26B4C671001C90CB /* NetworkQuoteReview.swift in Sources */ = {isa = PBXBuildFile; fileRef = 1E49B54C26B4C671001C90CB /* NetworkQuoteReview.swift */; };
		1E49B54E26B4C671001C90CB /* NetworkQuoteReview.swift in Sources */ = {isa = PBXBuildFile; fileRef = 1E49B54C26B4C671001C90CB /* NetworkQuoteReview.swift */; };
		1E49B55126B4C71D001C90CB /* QuoteReview.swift in Sources */ = {isa = PBXBuildFile; fileRef = 1E49B55026B4C71D001C90CB /* QuoteReview.swift */; };
		1E49B55226B4C71D001C90CB /* QuoteReview.swift in Sources */ = {isa = PBXBuildFile; fileRef = 1E49B55026B4C71D001C90CB /* QuoteReview.swift */; };
		1E49B55526B4CA0F001C90CB /* Date+Extension.swift in Sources */ = {isa = PBXBuildFile; fileRef = 1E49B55426B4CA0F001C90CB /* Date+Extension.swift */; };
		1E49B55626B4CA0F001C90CB /* Date+Extension.swift in Sources */ = {isa = PBXBuildFile; fileRef = 1E49B55426B4CA0F001C90CB /* Date+Extension.swift */; };
		1E49B55926B508FB001C90CB /* NetworkRepositoryTests.swift in Sources */ = {isa = PBXBuildFile; fileRef = 1E49B55826B508FB001C90CB /* NetworkRepositoryTests.swift */; };
		1E49B55B26B50C90001C90CB /* NetworkQuoteReviews.json in Resources */ = {isa = PBXBuildFile; fileRef = 1E49B55A26B50C90001C90CB /* NetworkQuoteReviews.json */; };
		1E49B55C26B515BC001C90CB /* NetworkController.swift in Sources */ = {isa = PBXBuildFile; fileRef = 1E49B54526B4C1BD001C90CB /* NetworkController.swift */; };
		1E49B55D26B51618001C90CB /* NetworkRepository.swift in Sources */ = {isa = PBXBuildFile; fileRef = 1E49B54826B4C213001C90CB /* NetworkRepository.swift */; };
		1E49B55E26B5162C001C90CB /* NetworkQuoteReview.swift in Sources */ = {isa = PBXBuildFile; fileRef = 1E49B54C26B4C671001C90CB /* NetworkQuoteReview.swift */; };
		1E49B55F26B51630001C90CB /* QuoteReview.swift in Sources */ = {isa = PBXBuildFile; fileRef = 1E49B55026B4C71D001C90CB /* QuoteReview.swift */; };
		1E49B56026B51667001C90CB /* Date+Extension.swift in Sources */ = {isa = PBXBuildFile; fileRef = 1E49B55426B4CA0F001C90CB /* Date+Extension.swift */; };
		1E49B56226B5179A001C90CB /* NetworkQuoteReview.json in Resources */ = {isa = PBXBuildFile; fileRef = 1E49B56126B5179A001C90CB /* NetworkQuoteReview.json */; };
		1E49B56426B51A92001C90CB /* NetworkQuoteReviewInvalidDate.json in Resources */ = {isa = PBXBuildFile; fileRef = 1E49B56326B51A92001C90CB /* NetworkQuoteReviewInvalidDate.json */; };
		1E49B56926B5890D001C90CB /* MainListView.swift in Sources */ = {isa = PBXBuildFile; fileRef = 1E49B56826B5890D001C90CB /* MainListView.swift */; };
		1E49B56B26B58B02001C90CB /* MainListViewModel.swift in Sources */ = {isa = PBXBuildFile; fileRef = 1E49B56A26B58B02001C90CB /* MainListViewModel.swift */; };
		1E49B56D26B58C08001C90CB /* ListViewState.swift in Sources */ = {isa = PBXBuildFile; fileRef = 1E49B56C26B58C08001C90CB /* ListViewState.swift */; };
		1E49B56F26B58C39001C90CB /* MainRowView.swift in Sources */ = {isa = PBXBuildFile; fileRef = 1E49B56E26B58C39001C90CB /* MainRowView.swift */; };
		1E49B57226B59515001C90CB /* ViewModel.swift in Sources */ = {isa = PBXBuildFile; fileRef = 1E49B57126B59515001C90CB /* ViewModel.swift */; };
		1E49B57526B596F6001C90CB /* XCTest+Extension.swift in Sources */ = {isa = PBXBuildFile; fileRef = 1E49B57426B596F6001C90CB /* XCTest+Extension.swift */; };
		1E49B57826B598E0001C90CB /* ListViewModelTests.swift in Sources */ = {isa = PBXBuildFile; fileRef = 1E49B57726B598E0001C90CB /* ListViewModelTests.swift */; };
		1E49B57A26B599AA001C90CB /* TestCase.swift in Sources */ = {isa = PBXBuildFile; fileRef = 1E49B57926B599AA001C90CB /* TestCase.swift */; };
		1E49B57C26B59A50001C90CB /* MockNetworkController.swift in Sources */ = {isa = PBXBuildFile; fileRef = 1E49B57B26B59A50001C90CB /* MockNetworkController.swift */; };
		1E49B57D26B59DA2001C90CB /* MainListViewModel.swift in Sources */ = {isa = PBXBuildFile; fileRef = 1E49B56A26B58B02001C90CB /* MainListViewModel.swift */; };
		1E49B57E26B59DA4001C90CB /* MainListViewModel.swift in Sources */ = {isa = PBXBuildFile; fileRef = 1E49B56A26B58B02001C90CB /* MainListViewModel.swift */; };
		1E49B57F26B59DA8001C90CB /* ListViewState.swift in Sources */ = {isa = PBXBuildFile; fileRef = 1E49B56C26B58C08001C90CB /* ListViewState.swift */; };
		1E49B58026B59DA8001C90CB /* ListViewState.swift in Sources */ = {isa = PBXBuildFile; fileRef = 1E49B56C26B58C08001C90CB /* ListViewState.swift */; };
		1E49B58126B59DB0001C90CB /* ViewModel.swift in Sources */ = {isa = PBXBuildFile; fileRef = 1E49B57126B59515001C90CB /* ViewModel.swift */; };
		1E49B58226B59DB1001C90CB /* ViewModel.swift in Sources */ = {isa = PBXBuildFile; fileRef = 1E49B57126B59515001C90CB /* ViewModel.swift */; };
		1E49B58426B5A507001C90CB /* NetworkQuoteReviewsInvalidData.json in Resources */ = {isa = PBXBuildFile; fileRef = 1E49B58326B5A507001C90CB /* NetworkQuoteReviewsInvalidData.json */; };
		1E49B58826B5A797001C90CB /* MainDetailView.swift in Sources */ = {isa = PBXBuildFile; fileRef = 1E49B58726B5A797001C90CB /* MainDetailView.swift */; };
		1E49B58926B5A797001C90CB /* MainDetailView.swift in Sources */ = {isa = PBXBuildFile; fileRef = 1E49B58726B5A797001C90CB /* MainDetailView.swift */; };
		1E49B58B26B5A90F001C90CB /* MainDetailViewModel.swift in Sources */ = {isa = PBXBuildFile; fileRef = 1E49B58A26B5A90F001C90CB /* MainDetailViewModel.swift */; };
		1E49B58C26B5A90F001C90CB /* MainDetailViewModel.swift in Sources */ = {isa = PBXBuildFile; fileRef = 1E49B58A26B5A90F001C90CB /* MainDetailViewModel.swift */; };
		1E49B58D26B5A90F001C90CB /* MainDetailViewModel.swift in Sources */ = {isa = PBXBuildFile; fileRef = 1E49B58A26B5A90F001C90CB /* MainDetailViewModel.swift */; };
		1E49B58F26B5A969001C90CB /* DetailViewState.swift in Sources */ = {isa = PBXBuildFile; fileRef = 1E49B58E26B5A969001C90CB /* DetailViewState.swift */; };
		1E49B59026B5A969001C90CB /* DetailViewState.swift in Sources */ = {isa = PBXBuildFile; fileRef = 1E49B58E26B5A969001C90CB /* DetailViewState.swift */; };
		1E49B59126B5A969001C90CB /* DetailViewState.swift in Sources */ = {isa = PBXBuildFile; fileRef = 1E49B58E26B5A969001C90CB /* DetailViewState.swift */; };
		1E49B59826B5AD6D001C90CB /* DetailViewModelTests.swift in Sources */ = {isa = PBXBuildFile; fileRef = 1E49B59726B5AD6D001C90CB /* DetailViewModelTests.swift */; };
		1E49B59A26B5AEB3001C90CB /* NetworkQuoteReviewInvalidData.json in Resources */ = {isa = PBXBuildFile; fileRef = 1E49B59926B5AEB3001C90CB /* NetworkQuoteReviewInvalidData.json */; };
		1E49B59C26B5C4EB001C90CB /* QuoteReviewViewState.swift in Sources */ = {isa = PBXBuildFile; fileRef = 1E49B59B26B5C4EB001C90CB /* QuoteReviewViewState.swift */; };
		1E49B59D26B5C4EB001C90CB /* QuoteReviewViewState.swift in Sources */ = {isa = PBXBuildFile; fileRef = 1E49B59B26B5C4EB001C90CB /* QuoteReviewViewState.swift */; };
		1E49B59E26B5C4EB001C90CB /* QuoteReviewViewState.swift in Sources */ = {isa = PBXBuildFile; fileRef = 1E49B59B26B5C4EB001C90CB /* QuoteReviewViewState.swift */; };
		1E49B5A526B5DBA9001C90CB /* UIViewTests.swift in Sources */ = {isa = PBXBuildFile; fileRef = 1E49B5A426B5DBA9001C90CB /* UIViewTests.swift */; };
		1E49B5A626B5E451001C90CB /* MainListView.swift in Sources */ = {isa = PBXBuildFile; fileRef = 1E49B56826B5890D001C90CB /* MainListView.swift */; };
		1E49B5A726B5E455001C90CB /* MainRowView.swift in Sources */ = {isa = PBXBuildFile; fileRef = 1E49B56E26B58C39001C90CB /* MainRowView.swift */; };
		1E49B5A926B5E648001C90CB /* Color+Extension.swift in Sources */ = {isa = PBXBuildFile; fileRef = 1E49B5A826B5E648001C90CB /* Color+Extension.swift */; };
		1E49B5AA26B5E648001C90CB /* Color+Extension.swift in Sources */ = {isa = PBXBuildFile; fileRef = 1E49B5A826B5E648001C90CB /* Color+Extension.swift */; };
		1E49B5FE26B5EF3C001C90CB /* Assets.xcassets in Resources */ = {isa = PBXBuildFile; fileRef = 1E49B5FD26B5EF3C001C90CB /* Assets.xcassets */; };
		1E49B60526B5EF3C001C90CB /* WatchApp Extension.appex in Embed App Extensions */ = {isa = PBXBuildFile; fileRef = 1E49B60426B5EF3C001C90CB /* WatchApp Extension.appex */; settings = {ATTRIBUTES = (RemoveHeadersOnCopy, ); }; };
		1E49B60A26B5EF3C001C90CB /* MainRowView.swift in Sources */ = {isa = PBXBuildFile; fileRef = 1E49B60926B5EF3C001C90CB /* MainRowView.swift */; };
		1E49B60C26B5EF3C001C90CB /* ShakespeareApp.swift in Sources */ = {isa = PBXBuildFile; fileRef = 1E49B60B26B5EF3C001C90CB /* ShakespeareApp.swift */; };
		1E49B60E26B5EF3C001C90CB /* ComplicationController.swift in Sources */ = {isa = PBXBuildFile; fileRef = 1E49B60D26B5EF3C001C90CB /* ComplicationController.swift */; };
		1E49B61026B5EF3E001C90CB /* Assets.xcassets in Resources */ = {isa = PBXBuildFile; fileRef = 1E49B60F26B5EF3E001C90CB /* Assets.xcassets */; };
		1E49B61326B5EF3E001C90CB /* Preview Assets.xcassets in Resources */ = {isa = PBXBuildFile; fileRef = 1E49B61226B5EF3E001C90CB /* Preview Assets.xcassets */; };
		1E49B61E26B5EF3E001C90CB /* WatchAppTests.swift in Sources */ = {isa = PBXBuildFile; fileRef = 1E49B61D26B5EF3E001C90CB /* WatchAppTests.swift */; };
		1E49B62926B5EF3F001C90CB /* WatchAppUITests.swift in Sources */ = {isa = PBXBuildFile; fileRef = 1E49B62826B5EF3F001C90CB /* WatchAppUITests.swift */; };
		1E49B62D26B5EF3F001C90CB /* WatchApp.app in Embed Watch Content */ = {isa = PBXBuildFile; fileRef = 1E49B5FB26B5EF38001C90CB /* WatchApp.app */; settings = {ATTRIBUTES = (RemoveHeadersOnCopy, ); }; };
		1E49B63C26B5F09B001C90CB /* MainListView.swift in Sources */ = {isa = PBXBuildFile; fileRef = 1E49B56826B5890D001C90CB /* MainListView.swift */; };
		1E49B63E26B5F0B3001C90CB /* MainListViewModel.swift in Sources */ = {isa = PBXBuildFile; fileRef = 1E49B56A26B58B02001C90CB /* MainListViewModel.swift */; };
		1E49B63F26B5F0B9001C90CB /* ListViewState.swift in Sources */ = {isa = PBXBuildFile; fileRef = 1E49B56C26B58C08001C90CB /* ListViewState.swift */; };
		1E49B64026B5F0BD001C90CB /* QuoteReviewViewState.swift in Sources */ = {isa = PBXBuildFile; fileRef = 1E49B59B26B5C4EB001C90CB /* QuoteReviewViewState.swift */; };
		1E49B64126B5F0CA001C90CB /* ViewModel.swift in Sources */ = {isa = PBXBuildFile; fileRef = 1E49B57126B59515001C90CB /* ViewModel.swift */; };
		1E49B64226B5F0D0001C90CB /* MainDetailView.swift in Sources */ = {isa = PBXBuildFile; fileRef = 1E49B58726B5A797001C90CB /* MainDetailView.swift */; };
		1E49B64326B5F0D5001C90CB /* MainDetailViewModel.swift in Sources */ = {isa = PBXBuildFile; fileRef = 1E49B58A26B5A90F001C90CB /* MainDetailViewModel.swift */; };
		1E49B64426B5F0D7001C90CB /* DetailViewState.swift in Sources */ = {isa = PBXBuildFile; fileRef = 1E49B58E26B5A969001C90CB /* DetailViewState.swift */; };
		1E49B64526B5F0DD001C90CB /* QuoteReview.swift in Sources */ = {isa = PBXBuildFile; fileRef = 1E49B55026B4C71D001C90CB /* QuoteReview.swift */; };
		1E49B64626B5F0E1001C90CB /* Date+Extension.swift in Sources */ = {isa = PBXBuildFile; fileRef = 1E49B55426B4CA0F001C90CB /* Date+Extension.swift */; };
		1E49B64726B5F0E4001C90CB /* Color+Extension.swift in Sources */ = {isa = PBXBuildFile; fileRef = 1E49B5A826B5E648001C90CB /* Color+Extension.swift */; };
		1E49B64826B5F0E8001C90CB /* NetworkQuoteReview.swift in Sources */ = {isa = PBXBuildFile; fileRef = 1E49B54C26B4C671001C90CB /* NetworkQuoteReview.swift */; };
		1E49B64926B5F0EC001C90CB /* NetworkController.swift in Sources */ = {isa = PBXBuildFile; fileRef = 1E49B54526B4C1BD001C90CB /* NetworkController.swift */; };
		1E49B64A26B5F0EF001C90CB /* NetworkRepository.swift in Sources */ = {isa = PBXBuildFile; fileRef = 1E49B54826B4C213001C90CB /* NetworkRepository.swift */; };
		1E49B6C426B75543001C90CB /* Localizable.strings in Resources */ = {isa = PBXBuildFile; fileRef = 1E49B6C926B75543001C90CB /* Localizable.strings */; };
		1E49B6C526B75543001C90CB /* Localizable.strings in Resources */ = {isa = PBXBuildFile; fileRef = 1E49B6C926B75543001C90CB /* Localizable.strings */; };
		1E49B6C626B75543001C90CB /* Localizable.strings in Resources */ = {isa = PBXBuildFile; fileRef = 1E49B6C926B75543001C90CB /* Localizable.strings */; };
		1E49B6C726B75543001C90CB /* Localizable.strings in Resources */ = {isa = PBXBuildFile; fileRef = 1E49B6C926B75543001C90CB /* Localizable.strings */; };
/* End PBXBuildFile section */

/* Begin PBXContainerItemProxy section */
		1E49B51B26B4B356001C90CB /* PBXContainerItemProxy */ = {
			isa = PBXContainerItemProxy;
			containerPortal = 1E49B4FE26B4B352001C90CB /* Project object */;
			proxyType = 1;
			remoteGlobalIDString = 1E49B50926B4B356001C90CB;
			remoteInfo = "Shakespeare (iOS)";
		};
		1E49B52626B4B356001C90CB /* PBXContainerItemProxy */ = {
			isa = PBXContainerItemProxy;
			containerPortal = 1E49B4FE26B4B352001C90CB /* Project object */;
			proxyType = 1;
			remoteGlobalIDString = 1E49B51126B4B356001C90CB;
			remoteInfo = "Shakespeare (macOS)";
		};
		1E49B60626B5EF3C001C90CB /* PBXContainerItemProxy */ = {
			isa = PBXContainerItemProxy;
			containerPortal = 1E49B4FE26B4B352001C90CB /* Project object */;
			proxyType = 1;
			remoteGlobalIDString = 1E49B60326B5EF3C001C90CB;
			remoteInfo = "WatchApp Extension";
		};
		1E49B61A26B5EF3E001C90CB /* PBXContainerItemProxy */ = {
			isa = PBXContainerItemProxy;
			containerPortal = 1E49B4FE26B4B352001C90CB /* Project object */;
			proxyType = 1;
			remoteGlobalIDString = 1E49B60326B5EF3C001C90CB;
			remoteInfo = "WatchApp Extension";
		};
		1E49B62526B5EF3F001C90CB /* PBXContainerItemProxy */ = {
			isa = PBXContainerItemProxy;
			containerPortal = 1E49B4FE26B4B352001C90CB /* Project object */;
			proxyType = 1;
			remoteGlobalIDString = 1E49B5FA26B5EF38001C90CB;
			remoteInfo = WatchApp;
		};
		1E49B62B26B5EF3F001C90CB /* PBXContainerItemProxy */ = {
			isa = PBXContainerItemProxy;
			containerPortal = 1E49B4FE26B4B352001C90CB /* Project object */;
			proxyType = 1;
			remoteGlobalIDString = 1E49B5FA26B5EF38001C90CB;
			remoteInfo = WatchApp;
		};
/* End PBXContainerItemProxy section */

/* Begin PBXCopyFilesBuildPhase section */
		1E49B62E26B5EF3F001C90CB /* Embed Watch Content */ = {
			isa = PBXCopyFilesBuildPhase;
			buildActionMask = 2147483647;
			dstPath = "$(CONTENTS_FOLDER_PATH)/Watch";
			dstSubfolderSpec = 16;
			files = (
				1E49B62D26B5EF3F001C90CB /* WatchApp.app in Embed Watch Content */,
			);
			name = "Embed Watch Content";
			runOnlyForDeploymentPostprocessing = 0;
		};
		1E49B63126B5EF3F001C90CB /* Embed App Extensions */ = {
			isa = PBXCopyFilesBuildPhase;
			buildActionMask = 2147483647;
			dstPath = "";
			dstSubfolderSpec = 13;
			files = (
				1E49B60526B5EF3C001C90CB /* WatchApp Extension.appex in Embed App Extensions */,
			);
			name = "Embed App Extensions";
			runOnlyForDeploymentPostprocessing = 0;
		};
/* End PBXCopyFilesBuildPhase section */

/* Begin PBXFileReference section */
		1E49B50326B4B353001C90CB /* ShakespeareApp.swift */ = {isa = PBXFileReference; lastKnownFileType = sourcecode.swift; path = ShakespeareApp.swift; sourceTree = "<group>"; };
		1E49B50526B4B356001C90CB /* Assets.xcassets */ = {isa = PBXFileReference; lastKnownFileType = folder.assetcatalog; path = Assets.xcassets; sourceTree = "<group>"; };
		1E49B50A26B4B356001C90CB /* Shakespeare.app */ = {isa = PBXFileReference; explicitFileType = wrapper.application; includeInIndex = 0; path = Shakespeare.app; sourceTree = BUILT_PRODUCTS_DIR; };
		1E49B50D26B4B356001C90CB /* Info.plist */ = {isa = PBXFileReference; lastKnownFileType = text.plist.xml; path = Info.plist; sourceTree = "<group>"; };
		1E49B51226B4B356001C90CB /* Shakespeare.app */ = {isa = PBXFileReference; explicitFileType = wrapper.application; includeInIndex = 0; path = Shakespeare.app; sourceTree = BUILT_PRODUCTS_DIR; };
		1E49B51426B4B356001C90CB /* Info.plist */ = {isa = PBXFileReference; lastKnownFileType = text.plist.xml; path = Info.plist; sourceTree = "<group>"; };
		1E49B51526B4B356001C90CB /* macOS.entitlements */ = {isa = PBXFileReference; lastKnownFileType = text.plist.entitlements; path = macOS.entitlements; sourceTree = "<group>"; };
		1E49B51A26B4B356001C90CB /* Tests iOS.xctest */ = {isa = PBXFileReference; explicitFileType = wrapper.cfbundle; includeInIndex = 0; path = "Tests iOS.xctest"; sourceTree = BUILT_PRODUCTS_DIR; };
		1E49B52026B4B356001C90CB /* Info.plist */ = {isa = PBXFileReference; lastKnownFileType = text.plist.xml; path = Info.plist; sourceTree = "<group>"; };
		1E49B52526B4B356001C90CB /* Tests macOS.xctest */ = {isa = PBXFileReference; explicitFileType = wrapper.cfbundle; includeInIndex = 0; path = "Tests macOS.xctest"; sourceTree = BUILT_PRODUCTS_DIR; };
		1E49B52B26B4B356001C90CB /* Info.plist */ = {isa = PBXFileReference; lastKnownFileType = text.plist.xml; path = Info.plist; sourceTree = "<group>"; };
		1E49B54026B4BD9A001C90CB /* LaunchScreen.storyboard */ = {isa = PBXFileReference; lastKnownFileType = file.storyboard; path = LaunchScreen.storyboard; sourceTree = "<group>"; };
		1E49B54526B4C1BD001C90CB /* NetworkController.swift */ = {isa = PBXFileReference; lastKnownFileType = sourcecode.swift; path = NetworkController.swift; sourceTree = "<group>"; };
		1E49B54826B4C213001C90CB /* NetworkRepository.swift */ = {isa = PBXFileReference; lastKnownFileType = sourcecode.swift; path = NetworkRepository.swift; sourceTree = "<group>"; };
		1E49B54C26B4C671001C90CB /* NetworkQuoteReview.swift */ = {isa = PBXFileReference; lastKnownFileType = sourcecode.swift; path = NetworkQuoteReview.swift; sourceTree = "<group>"; };
		1E49B55026B4C71D001C90CB /* QuoteReview.swift */ = {isa = PBXFileReference; lastKnownFileType = sourcecode.swift; path = QuoteReview.swift; sourceTree = "<group>"; };
		1E49B55426B4CA0F001C90CB /* Date+Extension.swift */ = {isa = PBXFileReference; lastKnownFileType = sourcecode.swift; path = "Date+Extension.swift"; sourceTree = "<group>"; };
		1E49B55826B508FB001C90CB /* NetworkRepositoryTests.swift */ = {isa = PBXFileReference; lastKnownFileType = sourcecode.swift; path = NetworkRepositoryTests.swift; sourceTree = "<group>"; };
		1E49B55A26B50C90001C90CB /* NetworkQuoteReviews.json */ = {isa = PBXFileReference; lastKnownFileType = text.json; path = NetworkQuoteReviews.json; sourceTree = "<group>"; };
		1E49B56126B5179A001C90CB /* NetworkQuoteReview.json */ = {isa = PBXFileReference; lastKnownFileType = text.json; path = NetworkQuoteReview.json; sourceTree = "<group>"; };
		1E49B56326B51A92001C90CB /* NetworkQuoteReviewInvalidDate.json */ = {isa = PBXFileReference; lastKnownFileType = text.json; path = NetworkQuoteReviewInvalidDate.json; sourceTree = "<group>"; };
		1E49B56826B5890D001C90CB /* MainListView.swift */ = {isa = PBXFileReference; lastKnownFileType = sourcecode.swift; path = MainListView.swift; sourceTree = "<group>"; };
		1E49B56A26B58B02001C90CB /* MainListViewModel.swift */ = {isa = PBXFileReference; lastKnownFileType = sourcecode.swift; path = MainListViewModel.swift; sourceTree = "<group>"; };
		1E49B56C26B58C08001C90CB /* ListViewState.swift */ = {isa = PBXFileReference; lastKnownFileType = sourcecode.swift; path = ListViewState.swift; sourceTree = "<group>"; };
		1E49B56E26B58C39001C90CB /* MainRowView.swift */ = {isa = PBXFileReference; lastKnownFileType = sourcecode.swift; path = MainRowView.swift; sourceTree = "<group>"; };
		1E49B57126B59515001C90CB /* ViewModel.swift */ = {isa = PBXFileReference; lastKnownFileType = sourcecode.swift; path = ViewModel.swift; sourceTree = "<group>"; };
		1E49B57426B596F6001C90CB /* XCTest+Extension.swift */ = {isa = PBXFileReference; lastKnownFileType = sourcecode.swift; path = "XCTest+Extension.swift"; sourceTree = "<group>"; };
		1E49B57726B598E0001C90CB /* ListViewModelTests.swift */ = {isa = PBXFileReference; lastKnownFileType = sourcecode.swift; path = ListViewModelTests.swift; sourceTree = "<group>"; };
		1E49B57926B599AA001C90CB /* TestCase.swift */ = {isa = PBXFileReference; lastKnownFileType = sourcecode.swift; path = TestCase.swift; sourceTree = "<group>"; };
		1E49B57B26B59A50001C90CB /* MockNetworkController.swift */ = {isa = PBXFileReference; lastKnownFileType = sourcecode.swift; path = MockNetworkController.swift; sourceTree = "<group>"; };
		1E49B58326B5A507001C90CB /* NetworkQuoteReviewsInvalidData.json */ = {isa = PBXFileReference; lastKnownFileType = text.json; path = NetworkQuoteReviewsInvalidData.json; sourceTree = "<group>"; };
		1E49B58726B5A797001C90CB /* MainDetailView.swift */ = {isa = PBXFileReference; lastKnownFileType = sourcecode.swift; path = MainDetailView.swift; sourceTree = "<group>"; };
		1E49B58A26B5A90F001C90CB /* MainDetailViewModel.swift */ = {isa = PBXFileReference; lastKnownFileType = sourcecode.swift; path = MainDetailViewModel.swift; sourceTree = "<group>"; };
		1E49B58E26B5A969001C90CB /* DetailViewState.swift */ = {isa = PBXFileReference; lastKnownFileType = sourcecode.swift; path = DetailViewState.swift; sourceTree = "<group>"; };
		1E49B59726B5AD6D001C90CB /* DetailViewModelTests.swift */ = {isa = PBXFileReference; lastKnownFileType = sourcecode.swift; path = DetailViewModelTests.swift; sourceTree = "<group>"; };
		1E49B59926B5AEB3001C90CB /* NetworkQuoteReviewInvalidData.json */ = {isa = PBXFileReference; lastKnownFileType = text.json; path = NetworkQuoteReviewInvalidData.json; sourceTree = "<group>"; };
		1E49B59B26B5C4EB001C90CB /* QuoteReviewViewState.swift */ = {isa = PBXFileReference; lastKnownFileType = sourcecode.swift; path = QuoteReviewViewState.swift; sourceTree = "<group>"; };
		1E49B5A426B5DBA9001C90CB /* UIViewTests.swift */ = {isa = PBXFileReference; lastKnownFileType = sourcecode.swift; path = UIViewTests.swift; sourceTree = "<group>"; };
		1E49B5A826B5E648001C90CB /* Color+Extension.swift */ = {isa = PBXFileReference; lastKnownFileType = sourcecode.swift; path = "Color+Extension.swift"; sourceTree = "<group>"; };
		1E49B5FB26B5EF38001C90CB /* WatchApp.app */ = {isa = PBXFileReference; explicitFileType = wrapper.application; includeInIndex = 0; path = WatchApp.app; sourceTree = BUILT_PRODUCTS_DIR; };
		1E49B5FD26B5EF3C001C90CB /* Assets.xcassets */ = {isa = PBXFileReference; lastKnownFileType = folder.assetcatalog; path = Assets.xcassets; sourceTree = "<group>"; };
		1E49B5FF26B5EF3C001C90CB /* Info.plist */ = {isa = PBXFileReference; lastKnownFileType = text.plist.xml; path = Info.plist; sourceTree = "<group>"; };
		1E49B60426B5EF3C001C90CB /* WatchApp Extension.appex */ = {isa = PBXFileReference; explicitFileType = "wrapper.app-extension"; includeInIndex = 0; path = "WatchApp Extension.appex"; sourceTree = BUILT_PRODUCTS_DIR; };
		1E49B60926B5EF3C001C90CB /* MainRowView.swift */ = {isa = PBXFileReference; lastKnownFileType = sourcecode.swift; path = MainRowView.swift; sourceTree = "<group>"; };
		1E49B60B26B5EF3C001C90CB /* ShakespeareApp.swift */ = {isa = PBXFileReference; lastKnownFileType = sourcecode.swift; path = ShakespeareApp.swift; sourceTree = "<group>"; };
		1E49B60D26B5EF3C001C90CB /* ComplicationController.swift */ = {isa = PBXFileReference; lastKnownFileType = sourcecode.swift; path = ComplicationController.swift; sourceTree = "<group>"; };
		1E49B60F26B5EF3E001C90CB /* Assets.xcassets */ = {isa = PBXFileReference; lastKnownFileType = folder.assetcatalog; path = Assets.xcassets; sourceTree = "<group>"; };
		1E49B61226B5EF3E001C90CB /* Preview Assets.xcassets */ = {isa = PBXFileReference; lastKnownFileType = folder.assetcatalog; path = "Preview Assets.xcassets"; sourceTree = "<group>"; };
		1E49B61426B5EF3E001C90CB /* Info.plist */ = {isa = PBXFileReference; lastKnownFileType = text.plist.xml; path = Info.plist; sourceTree = "<group>"; };
		1E49B61926B5EF3E001C90CB /* WatchAppTests.xctest */ = {isa = PBXFileReference; explicitFileType = wrapper.cfbundle; includeInIndex = 0; path = WatchAppTests.xctest; sourceTree = BUILT_PRODUCTS_DIR; };
		1E49B61D26B5EF3E001C90CB /* WatchAppTests.swift */ = {isa = PBXFileReference; lastKnownFileType = sourcecode.swift; path = WatchAppTests.swift; sourceTree = "<group>"; };
		1E49B61F26B5EF3E001C90CB /* Info.plist */ = {isa = PBXFileReference; lastKnownFileType = text.plist.xml; path = Info.plist; sourceTree = "<group>"; };
		1E49B62426B5EF3E001C90CB /* WatchAppUITests.xctest */ = {isa = PBXFileReference; explicitFileType = wrapper.cfbundle; includeInIndex = 0; path = WatchAppUITests.xctest; sourceTree = BUILT_PRODUCTS_DIR; };
		1E49B62826B5EF3F001C90CB /* WatchAppUITests.swift */ = {isa = PBXFileReference; lastKnownFileType = sourcecode.swift; path = WatchAppUITests.swift; sourceTree = "<group>"; };
		1E49B62A26B5EF3F001C90CB /* Info.plist */ = {isa = PBXFileReference; lastKnownFileType = text.plist.xml; path = Info.plist; sourceTree = "<group>"; };
		1E49B6C826B75543001C90CB /* en */ = {isa = PBXFileReference; lastKnownFileType = text.plist.strings; name = en; path = en.lproj/Localizable.strings; sourceTree = "<group>"; };
		1E49B6CA26B75ABB001C90CB /* es */ = {isa = PBXFileReference; lastKnownFileType = text.plist.strings; name = es; path = es.lproj/Localizable.strings; sourceTree = "<group>"; };
/* End PBXFileReference section */

/* Begin PBXFrameworksBuildPhase section */
		1E49B50726B4B356001C90CB /* Frameworks */ = {
			isa = PBXFrameworksBuildPhase;
			buildActionMask = 2147483647;
			files = (
			);
			runOnlyForDeploymentPostprocessing = 0;
		};
		1E49B50F26B4B356001C90CB /* Frameworks */ = {
			isa = PBXFrameworksBuildPhase;
			buildActionMask = 2147483647;
			files = (
			);
			runOnlyForDeploymentPostprocessing = 0;
		};
		1E49B51726B4B356001C90CB /* Frameworks */ = {
			isa = PBXFrameworksBuildPhase;
			buildActionMask = 2147483647;
			files = (
			);
			runOnlyForDeploymentPostprocessing = 0;
		};
		1E49B52226B4B356001C90CB /* Frameworks */ = {
			isa = PBXFrameworksBuildPhase;
			buildActionMask = 2147483647;
			files = (
			);
			runOnlyForDeploymentPostprocessing = 0;
		};
		1E49B60126B5EF3C001C90CB /* Frameworks */ = {
			isa = PBXFrameworksBuildPhase;
			buildActionMask = 2147483647;
			files = (
			);
			runOnlyForDeploymentPostprocessing = 0;
		};
		1E49B61626B5EF3E001C90CB /* Frameworks */ = {
			isa = PBXFrameworksBuildPhase;
			buildActionMask = 2147483647;
			files = (
			);
			runOnlyForDeploymentPostprocessing = 0;
		};
		1E49B62126B5EF3E001C90CB /* Frameworks */ = {
			isa = PBXFrameworksBuildPhase;
			buildActionMask = 2147483647;
			files = (
			);
			runOnlyForDeploymentPostprocessing = 0;
		};
/* End PBXFrameworksBuildPhase section */

/* Begin PBXGroup section */
		1E49B4FD26B4B352001C90CB = {
			isa = PBXGroup;
			children = (
				1E49B50226B4B353001C90CB /* Shared */,
				1E49B50C26B4B356001C90CB /* iOS */,
				1E49B51326B4B356001C90CB /* macOS */,
				1E49B51D26B4B356001C90CB /* Tests iOS */,
				1E49B52826B4B356001C90CB /* Tests macOS */,
				1E49B5FC26B5EF38001C90CB /* WatchApp */,
				1E49B60826B5EF3C001C90CB /* WatchApp Extension */,
				1E49B61C26B5EF3E001C90CB /* WatchAppTests */,
				1E49B62726B5EF3F001C90CB /* WatchAppUITests */,
				1E49B50B26B4B356001C90CB /* Products */,
			);
			sourceTree = "<group>";
		};
		1E49B50226B4B353001C90CB /* Shared */ = {
			isa = PBXGroup;
			children = (
				1E49B57026B594EE001C90CB /* ViewModel */,
				1E49B56726B588B9001C90CB /* ListView */,
				1E49B58626B5A75D001C90CB /* DetailView */,
				1E49B54F26B4C6F8001C90CB /* Domain */,
				1E49B55326B4C9E0001C90CB /* Extensions */,
				1E49B54426B4C19E001C90CB /* Networking */,
				1E49B50326B4B353001C90CB /* ShakespeareApp.swift */,
				1E49B50526B4B356001C90CB /* Assets.xcassets */,
				1E49B6C926B75543001C90CB /* Localizable.strings */,
			);
			path = Shared;
			sourceTree = "<group>";
		};
		1E49B50B26B4B356001C90CB /* Products */ = {
			isa = PBXGroup;
			children = (
				1E49B50A26B4B356001C90CB /* Shakespeare.app */,
				1E49B51226B4B356001C90CB /* Shakespeare.app */,
				1E49B51A26B4B356001C90CB /* Tests iOS.xctest */,
				1E49B52526B4B356001C90CB /* Tests macOS.xctest */,
				1E49B5FB26B5EF38001C90CB /* WatchApp.app */,
				1E49B60426B5EF3C001C90CB /* WatchApp Extension.appex */,
				1E49B61926B5EF3E001C90CB /* WatchAppTests.xctest */,
				1E49B62426B5EF3E001C90CB /* WatchAppUITests.xctest */,
			);
			name = Products;
			sourceTree = "<group>";
		};
		1E49B50C26B4B356001C90CB /* iOS */ = {
			isa = PBXGroup;
			children = (
				1E49B50D26B4B356001C90CB /* Info.plist */,
				1E49B54026B4BD9A001C90CB /* LaunchScreen.storyboard */,
			);
			path = iOS;
			sourceTree = "<group>";
		};
		1E49B51326B4B356001C90CB /* macOS */ = {
			isa = PBXGroup;
			children = (
				1E49B51426B4B356001C90CB /* Info.plist */,
				1E49B51526B4B356001C90CB /* macOS.entitlements */,
			);
			path = macOS;
			sourceTree = "<group>";
		};
		1E49B51D26B4B356001C90CB /* Tests iOS */ = {
			isa = PBXGroup;
			children = (
				1E49B5A326B5DB91001C90CB /* UI Tests */,
				1E49B59626B5AD31001C90CB /* Detail View */,
				1E49B57626B598A5001C90CB /* ListView */,
				1E49B57326B596DC001C90CB /* Extensions */,
				1E49B55726B508CE001C90CB /* Networking */,
				1E49B52026B4B356001C90CB /* Info.plist */,
				1E49B57926B599AA001C90CB /* TestCase.swift */,
			);
			path = "Tests iOS";
			sourceTree = "<group>";
		};
		1E49B52826B4B356001C90CB /* Tests macOS */ = {
			isa = PBXGroup;
			children = (
				1E49B52B26B4B356001C90CB /* Info.plist */,
			);
			path = "Tests macOS";
			sourceTree = "<group>";
		};
		1E49B54426B4C19E001C90CB /* Networking */ = {
			isa = PBXGroup;
			children = (
				1E49B54B26B4C4FF001C90CB /* Models */,
				1E49B54526B4C1BD001C90CB /* NetworkController.swift */,
				1E49B54826B4C213001C90CB /* NetworkRepository.swift */,
			);
			path = Networking;
			sourceTree = "<group>";
		};
		1E49B54B26B4C4FF001C90CB /* Models */ = {
			isa = PBXGroup;
			children = (
				1E49B54C26B4C671001C90CB /* NetworkQuoteReview.swift */,
			);
			path = Models;
			sourceTree = "<group>";
		};
		1E49B54F26B4C6F8001C90CB /* Domain */ = {
			isa = PBXGroup;
			children = (
				1E49B55026B4C71D001C90CB /* QuoteReview.swift */,
			);
			path = Domain;
			sourceTree = "<group>";
		};
		1E49B55326B4C9E0001C90CB /* Extensions */ = {
			isa = PBXGroup;
			children = (
				1E49B55426B4CA0F001C90CB /* Date+Extension.swift */,
				1E49B5A826B5E648001C90CB /* Color+Extension.swift */,
			);
			path = Extensions;
			sourceTree = "<group>";
		};
		1E49B55726B508CE001C90CB /* Networking */ = {
			isa = PBXGroup;
			children = (
				1E49B58526B5A51F001C90CB /* JsonFiles */,
				1E49B55826B508FB001C90CB /* NetworkRepositoryTests.swift */,
				1E49B57B26B59A50001C90CB /* MockNetworkController.swift */,
			);
			path = Networking;
			sourceTree = "<group>";
		};
		1E49B56726B588B9001C90CB /* ListView */ = {
			isa = PBXGroup;
			children = (
				1E49B56826B5890D001C90CB /* MainListView.swift */,
				1E49B56E26B58C39001C90CB /* MainRowView.swift */,
				1E49B56A26B58B02001C90CB /* MainListViewModel.swift */,
				1E49B56C26B58C08001C90CB /* ListViewState.swift */,
				1E49B59B26B5C4EB001C90CB /* QuoteReviewViewState.swift */,
			);
			path = ListView;
			sourceTree = "<group>";
		};
		1E49B57026B594EE001C90CB /* ViewModel */ = {
			isa = PBXGroup;
			children = (
				1E49B57126B59515001C90CB /* ViewModel.swift */,
			);
			path = ViewModel;
			sourceTree = "<group>";
		};
		1E49B57326B596DC001C90CB /* Extensions */ = {
			isa = PBXGroup;
			children = (
				1E49B57426B596F6001C90CB /* XCTest+Extension.swift */,
			);
			path = Extensions;
			sourceTree = "<group>";
		};
		1E49B57626B598A5001C90CB /* ListView */ = {
			isa = PBXGroup;
			children = (
				1E49B57726B598E0001C90CB /* ListViewModelTests.swift */,
			);
			path = ListView;
			sourceTree = "<group>";
		};
		1E49B58526B5A51F001C90CB /* JsonFiles */ = {
			isa = PBXGroup;
			children = (
				1E49B58326B5A507001C90CB /* NetworkQuoteReviewsInvalidData.json */,
				1E49B55A26B50C90001C90CB /* NetworkQuoteReviews.json */,
				1E49B56126B5179A001C90CB /* NetworkQuoteReview.json */,
				1E49B56326B51A92001C90CB /* NetworkQuoteReviewInvalidDate.json */,
				1E49B59926B5AEB3001C90CB /* NetworkQuoteReviewInvalidData.json */,
			);
			path = JsonFiles;
			sourceTree = "<group>";
		};
		1E49B58626B5A75D001C90CB /* DetailView */ = {
			isa = PBXGroup;
			children = (
				1E49B58726B5A797001C90CB /* MainDetailView.swift */,
				1E49B58A26B5A90F001C90CB /* MainDetailViewModel.swift */,
				1E49B58E26B5A969001C90CB /* DetailViewState.swift */,
			);
			path = DetailView;
			sourceTree = "<group>";
		};
		1E49B59626B5AD31001C90CB /* Detail View */ = {
			isa = PBXGroup;
			children = (
				1E49B59726B5AD6D001C90CB /* DetailViewModelTests.swift */,
			);
			path = "Detail View";
			sourceTree = "<group>";
		};
		1E49B5A326B5DB91001C90CB /* UI Tests */ = {
			isa = PBXGroup;
			children = (
				1E49B5A426B5DBA9001C90CB /* UIViewTests.swift */,
			);
			path = "UI Tests";
			sourceTree = "<group>";
		};
		1E49B5FC26B5EF38001C90CB /* WatchApp */ = {
			isa = PBXGroup;
			children = (
				1E49B5FD26B5EF3C001C90CB /* Assets.xcassets */,
				1E49B5FF26B5EF3C001C90CB /* Info.plist */,
			);
			path = WatchApp;
			sourceTree = "<group>";
		};
		1E49B60826B5EF3C001C90CB /* WatchApp Extension */ = {
			isa = PBXGroup;
			children = (
				1E49B60926B5EF3C001C90CB /* MainRowView.swift */,
				1E49B60B26B5EF3C001C90CB /* ShakespeareApp.swift */,
				1E49B60D26B5EF3C001C90CB /* ComplicationController.swift */,
				1E49B60F26B5EF3E001C90CB /* Assets.xcassets */,
				1E49B61426B5EF3E001C90CB /* Info.plist */,
				1E49B61126B5EF3E001C90CB /* Preview Content */,
			);
			path = "WatchApp Extension";
			sourceTree = "<group>";
		};
		1E49B61126B5EF3E001C90CB /* Preview Content */ = {
			isa = PBXGroup;
			children = (
				1E49B61226B5EF3E001C90CB /* Preview Assets.xcassets */,
			);
			path = "Preview Content";
			sourceTree = "<group>";
		};
		1E49B61C26B5EF3E001C90CB /* WatchAppTests */ = {
			isa = PBXGroup;
			children = (
				1E49B61D26B5EF3E001C90CB /* WatchAppTests.swift */,
				1E49B61F26B5EF3E001C90CB /* Info.plist */,
			);
			path = WatchAppTests;
			sourceTree = "<group>";
		};
		1E49B62726B5EF3F001C90CB /* WatchAppUITests */ = {
			isa = PBXGroup;
			children = (
				1E49B62826B5EF3F001C90CB /* WatchAppUITests.swift */,
				1E49B62A26B5EF3F001C90CB /* Info.plist */,
			);
			path = WatchAppUITests;
			sourceTree = "<group>";
		};
/* End PBXGroup section */

/* Begin PBXNativeTarget section */
		1E49B50926B4B356001C90CB /* Shakespeare (iOS) */ = {
			isa = PBXNativeTarget;
			buildConfigurationList = 1E49B53426B4B356001C90CB /* Build configuration list for PBXNativeTarget "Shakespeare (iOS)" */;
			buildPhases = (
				1E49B50626B4B356001C90CB /* Sources */,
				1E49B50726B4B356001C90CB /* Frameworks */,
				1E49B50826B4B356001C90CB /* Resources */,
				1E49B56626B58392001C90CB /* SwiftLint */,
				1E49B62E26B5EF3F001C90CB /* Embed Watch Content */,
			);
			buildRules = (
			);
			dependencies = (
				1E49B62C26B5EF3F001C90CB /* PBXTargetDependency */,
			);
			name = "Shakespeare (iOS)";
			productName = "Shakespeare (iOS)";
			productReference = 1E49B50A26B4B356001C90CB /* Shakespeare.app */;
			productType = "com.apple.product-type.application";
		};
		1E49B51126B4B356001C90CB /* Shakespeare (macOS) */ = {
			isa = PBXNativeTarget;
			buildConfigurationList = 1E49B53726B4B356001C90CB /* Build configuration list for PBXNativeTarget "Shakespeare (macOS)" */;
			buildPhases = (
				1E49B50E26B4B356001C90CB /* Sources */,
				1E49B50F26B4B356001C90CB /* Frameworks */,
				1E49B51026B4B356001C90CB /* Resources */,
			);
			buildRules = (
			);
			dependencies = (
			);
			name = "Shakespeare (macOS)";
			productName = "Shakespeare (macOS)";
			productReference = 1E49B51226B4B356001C90CB /* Shakespeare.app */;
			productType = "com.apple.product-type.application";
		};
		1E49B51926B4B356001C90CB /* Tests iOS */ = {
			isa = PBXNativeTarget;
			buildConfigurationList = 1E49B53A26B4B356001C90CB /* Build configuration list for PBXNativeTarget "Tests iOS" */;
			buildPhases = (
				1E49B51626B4B356001C90CB /* Sources */,
				1E49B51726B4B356001C90CB /* Frameworks */,
				1E49B51826B4B356001C90CB /* Resources */,
			);
			buildRules = (
			);
			dependencies = (
				1E49B51C26B4B356001C90CB /* PBXTargetDependency */,
			);
			name = "Tests iOS";
			productName = "Tests iOS";
			productReference = 1E49B51A26B4B356001C90CB /* Tests iOS.xctest */;
			productType = "com.apple.product-type.bundle.ui-testing";
		};
		1E49B52426B4B356001C90CB /* Tests macOS */ = {
			isa = PBXNativeTarget;
			buildConfigurationList = 1E49B53D26B4B356001C90CB /* Build configuration list for PBXNativeTarget "Tests macOS" */;
			buildPhases = (
				1E49B52126B4B356001C90CB /* Sources */,
				1E49B52226B4B356001C90CB /* Frameworks */,
				1E49B52326B4B356001C90CB /* Resources */,
			);
			buildRules = (
			);
			dependencies = (
				1E49B52726B4B356001C90CB /* PBXTargetDependency */,
			);
			name = "Tests macOS";
			productName = "Tests macOS";
			productReference = 1E49B52526B4B356001C90CB /* Tests macOS.xctest */;
			productType = "com.apple.product-type.bundle.ui-testing";
		};
		1E49B5FA26B5EF38001C90CB /* WatchApp */ = {
			isa = PBXNativeTarget;
			buildConfigurationList = 1E49B63926B5EF3F001C90CB /* Build configuration list for PBXNativeTarget "WatchApp" */;
			buildPhases = (
				1E49B5F926B5EF38001C90CB /* Resources */,
				1E49B63126B5EF3F001C90CB /* Embed App Extensions */,
			);
			buildRules = (
			);
			dependencies = (
				1E49B60726B5EF3C001C90CB /* PBXTargetDependency */,
			);
			name = WatchApp;
			productName = WatchApp;
			productReference = 1E49B5FB26B5EF38001C90CB /* WatchApp.app */;
			productType = "com.apple.product-type.application.watchapp2";
		};
		1E49B60326B5EF3C001C90CB /* WatchApp Extension */ = {
			isa = PBXNativeTarget;
			buildConfigurationList = 1E49B63826B5EF3F001C90CB /* Build configuration list for PBXNativeTarget "WatchApp Extension" */;
			buildPhases = (
				1E49B60026B5EF3C001C90CB /* Sources */,
				1E49B60126B5EF3C001C90CB /* Frameworks */,
				1E49B60226B5EF3C001C90CB /* Resources */,
			);
			buildRules = (
			);
			dependencies = (
			);
			name = "WatchApp Extension";
			productName = "WatchApp Extension";
			productReference = 1E49B60426B5EF3C001C90CB /* WatchApp Extension.appex */;
			productType = "com.apple.product-type.watchkit2-extension";
		};
		1E49B61826B5EF3E001C90CB /* WatchAppTests */ = {
			isa = PBXNativeTarget;
			buildConfigurationList = 1E49B63A26B5EF3F001C90CB /* Build configuration list for PBXNativeTarget "WatchAppTests" */;
			buildPhases = (
				1E49B61526B5EF3E001C90CB /* Sources */,
				1E49B61626B5EF3E001C90CB /* Frameworks */,
				1E49B61726B5EF3E001C90CB /* Resources */,
			);
			buildRules = (
			);
			dependencies = (
				1E49B61B26B5EF3E001C90CB /* PBXTargetDependency */,
			);
			name = WatchAppTests;
			productName = WatchAppTests;
			productReference = 1E49B61926B5EF3E001C90CB /* WatchAppTests.xctest */;
			productType = "com.apple.product-type.bundle.unit-test";
		};
		1E49B62326B5EF3E001C90CB /* WatchAppUITests */ = {
			isa = PBXNativeTarget;
			buildConfigurationList = 1E49B63B26B5EF3F001C90CB /* Build configuration list for PBXNativeTarget "WatchAppUITests" */;
			buildPhases = (
				1E49B62026B5EF3E001C90CB /* Sources */,
				1E49B62126B5EF3E001C90CB /* Frameworks */,
				1E49B62226B5EF3E001C90CB /* Resources */,
			);
			buildRules = (
			);
			dependencies = (
				1E49B62626B5EF3F001C90CB /* PBXTargetDependency */,
			);
			name = WatchAppUITests;
			productName = WatchAppUITests;
			productReference = 1E49B62426B5EF3E001C90CB /* WatchAppUITests.xctest */;
			productType = "com.apple.product-type.bundle.ui-testing";
		};
/* End PBXNativeTarget section */

/* Begin PBXProject section */
		1E49B4FE26B4B352001C90CB /* Project object */ = {
			isa = PBXProject;
			attributes = {
				LastSwiftUpdateCheck = 1250;
				LastUpgradeCheck = 1250;
				TargetAttributes = {
					1E49B50926B4B356001C90CB = {
						CreatedOnToolsVersion = 12.5.1;
					};
					1E49B51126B4B356001C90CB = {
						CreatedOnToolsVersion = 12.5.1;
					};
					1E49B51926B4B356001C90CB = {
						CreatedOnToolsVersion = 12.5.1;
						TestTargetID = 1E49B50926B4B356001C90CB;
					};
					1E49B52426B4B356001C90CB = {
						CreatedOnToolsVersion = 12.5.1;
						TestTargetID = 1E49B51126B4B356001C90CB;
					};
					1E49B5FA26B5EF38001C90CB = {
						CreatedOnToolsVersion = 12.5.1;
					};
					1E49B60326B5EF3C001C90CB = {
						CreatedOnToolsVersion = 12.5.1;
					};
					1E49B61826B5EF3E001C90CB = {
						CreatedOnToolsVersion = 12.5.1;
						TestTargetID = 1E49B60326B5EF3C001C90CB;
					};
					1E49B62326B5EF3E001C90CB = {
						CreatedOnToolsVersion = 12.5.1;
						TestTargetID = 1E49B5FA26B5EF38001C90CB;
					};
				};
			};
			buildConfigurationList = 1E49B50126B4B352001C90CB /* Build configuration list for PBXProject "Shakespeare" */;
			compatibilityVersion = "Xcode 9.3";
			developmentRegion = en;
			hasScannedForEncodings = 0;
			knownRegions = (
				en,
				Base,
				es,
			);
			mainGroup = 1E49B4FD26B4B352001C90CB;
			productRefGroup = 1E49B50B26B4B356001C90CB /* Products */;
			projectDirPath = "";
			projectRoot = "";
			targets = (
				1E49B50926B4B356001C90CB /* Shakespeare (iOS) */,
				1E49B51126B4B356001C90CB /* Shakespeare (macOS) */,
				1E49B5FA26B5EF38001C90CB /* WatchApp */,
				1E49B60326B5EF3C001C90CB /* WatchApp Extension */,
				1E49B51926B4B356001C90CB /* Tests iOS */,
				1E49B52426B4B356001C90CB /* Tests macOS */,
				1E49B61826B5EF3E001C90CB /* WatchAppTests */,
				1E49B62326B5EF3E001C90CB /* WatchAppUITests */,
			);
		};
/* End PBXProject section */

/* Begin PBXResourcesBuildPhase section */
		1E49B50826B4B356001C90CB /* Resources */ = {
			isa = PBXResourcesBuildPhase;
			buildActionMask = 2147483647;
			files = (
				1E49B54126B4BD9B001C90CB /* LaunchScreen.storyboard in Resources */,
				1E49B6C426B75543001C90CB /* Localizable.strings in Resources */,
				1E49B53026B4B356001C90CB /* Assets.xcassets in Resources */,
			);
			runOnlyForDeploymentPostprocessing = 0;
		};
		1E49B51026B4B356001C90CB /* Resources */ = {
			isa = PBXResourcesBuildPhase;
			buildActionMask = 2147483647;
			files = (
				1E49B53126B4B356001C90CB /* Assets.xcassets in Resources */,
				1E49B6C526B75543001C90CB /* Localizable.strings in Resources */,
			);
			runOnlyForDeploymentPostprocessing = 0;
		};
		1E49B51826B4B356001C90CB /* Resources */ = {
			isa = PBXResourcesBuildPhase;
			buildActionMask = 2147483647;
			files = (
				1E49B59A26B5AEB3001C90CB /* NetworkQuoteReviewInvalidData.json in Resources */,
				1E49B55B26B50C90001C90CB /* NetworkQuoteReviews.json in Resources */,
				1E49B58426B5A507001C90CB /* NetworkQuoteReviewsInvalidData.json in Resources */,
				1E49B56426B51A92001C90CB /* NetworkQuoteReviewInvalidDate.json in Resources */,
				1E49B56226B5179A001C90CB /* NetworkQuoteReview.json in Resources */,
			);
			runOnlyForDeploymentPostprocessing = 0;
		};
		1E49B52326B4B356001C90CB /* Resources */ = {
			isa = PBXResourcesBuildPhase;
			buildActionMask = 2147483647;
			files = (
			);
			runOnlyForDeploymentPostprocessing = 0;
		};
		1E49B5F926B5EF38001C90CB /* Resources */ = {
			isa = PBXResourcesBuildPhase;
			buildActionMask = 2147483647;
			files = (
				1E49B5FE26B5EF3C001C90CB /* Assets.xcassets in Resources */,
				1E49B6C626B75543001C90CB /* Localizable.strings in Resources */,
			);
			runOnlyForDeploymentPostprocessing = 0;
		};
		1E49B60226B5EF3C001C90CB /* Resources */ = {
			isa = PBXResourcesBuildPhase;
			buildActionMask = 2147483647;
			files = (
				1E49B61326B5EF3E001C90CB /* Preview Assets.xcassets in Resources */,
				1E49B6C726B75543001C90CB /* Localizable.strings in Resources */,
				1E49B61026B5EF3E001C90CB /* Assets.xcassets in Resources */,
			);
			runOnlyForDeploymentPostprocessing = 0;
		};
		1E49B61726B5EF3E001C90CB /* Resources */ = {
			isa = PBXResourcesBuildPhase;
			buildActionMask = 2147483647;
			files = (
			);
			runOnlyForDeploymentPostprocessing = 0;
		};
		1E49B62226B5EF3E001C90CB /* Resources */ = {
			isa = PBXResourcesBuildPhase;
			buildActionMask = 2147483647;
			files = (
			);
			runOnlyForDeploymentPostprocessing = 0;
		};
/* End PBXResourcesBuildPhase section */

/* Begin PBXShellScriptBuildPhase section */
		1E49B56626B58392001C90CB /* SwiftLint */ = {
			isa = PBXShellScriptBuildPhase;
			buildActionMask = 2147483647;
			files = (
			);
			inputFileListPaths = (
			);
			inputPaths = (
			);
			name = SwiftLint;
			outputFileListPaths = (
			);
			outputPaths = (
			);
			runOnlyForDeploymentPostprocessing = 0;
			shellPath = /bin/sh;
			shellScript = "if which swiftlint >/dev/null; then\n  swiftlint\nelse\n  echo \"warning: SwiftLint not installed, download from https://github.com/realm/SwiftLint\"\nfi\n";
		};
/* End PBXShellScriptBuildPhase section */

/* Begin PBXSourcesBuildPhase section */
		1E49B50626B4B356001C90CB /* Sources */ = {
			isa = PBXSourcesBuildPhase;
			buildActionMask = 2147483647;
			files = (
				1E49B56926B5890D001C90CB /* MainListView.swift in Sources */,
				1E49B55126B4C71D001C90CB /* QuoteReview.swift in Sources */,
				1E49B58B26B5A90F001C90CB /* MainDetailViewModel.swift in Sources */,
				1E49B58826B5A797001C90CB /* MainDetailView.swift in Sources */,
				1E49B54926B4C213001C90CB /* NetworkRepository.swift in Sources */,
				1E49B57226B59515001C90CB /* ViewModel.swift in Sources */,
				1E49B54D26B4C671001C90CB /* NetworkQuoteReview.swift in Sources */,
				1E49B5A926B5E648001C90CB /* Color+Extension.swift in Sources */,
				1E49B55526B4CA0F001C90CB /* Date+Extension.swift in Sources */,
				1E49B52C26B4B356001C90CB /* ShakespeareApp.swift in Sources */,
				1E49B56F26B58C39001C90CB /* MainRowView.swift in Sources */,
				1E49B56B26B58B02001C90CB /* MainListViewModel.swift in Sources */,
				1E49B56D26B58C08001C90CB /* ListViewState.swift in Sources */,
				1E49B54626B4C1BD001C90CB /* NetworkController.swift in Sources */,
				1E49B58F26B5A969001C90CB /* DetailViewState.swift in Sources */,
				1E49B59C26B5C4EB001C90CB /* QuoteReviewViewState.swift in Sources */,
			);
			runOnlyForDeploymentPostprocessing = 0;
		};
		1E49B50E26B4B356001C90CB /* Sources */ = {
			isa = PBXSourcesBuildPhase;
			buildActionMask = 2147483647;
			files = (
				1E49B58926B5A797001C90CB /* MainDetailView.swift in Sources */,
				1E49B5A726B5E455001C90CB /* MainRowView.swift in Sources */,
				1E49B55226B4C71D001C90CB /* QuoteReview.swift in Sources */,
				1E49B58126B59DB0001C90CB /* ViewModel.swift in Sources */,
				1E49B59D26B5C4EB001C90CB /* QuoteReviewViewState.swift in Sources */,
				1E49B54A26B4C213001C90CB /* NetworkRepository.swift in Sources */,
				1E49B58C26B5A90F001C90CB /* MainDetailViewModel.swift in Sources */,
				1E49B5AA26B5E648001C90CB /* Color+Extension.swift in Sources */,
				1E49B54E26B4C671001C90CB /* NetworkQuoteReview.swift in Sources */,
				1E49B57E26B59DA4001C90CB /* MainListViewModel.swift in Sources */,
				1E49B55626B4CA0F001C90CB /* Date+Extension.swift in Sources */,
				1E49B52D26B4B356001C90CB /* ShakespeareApp.swift in Sources */,
				1E49B57F26B59DA8001C90CB /* ListViewState.swift in Sources */,
				1E49B5A626B5E451001C90CB /* MainListView.swift in Sources */,
				1E49B54726B4C1BD001C90CB /* NetworkController.swift in Sources */,
				1E49B59026B5A969001C90CB /* DetailViewState.swift in Sources */,
			);
			runOnlyForDeploymentPostprocessing = 0;
		};
		1E49B51626B4B356001C90CB /* Sources */ = {
			isa = PBXSourcesBuildPhase;
			buildActionMask = 2147483647;
			files = (
				1E49B58D26B5A90F001C90CB /* MainDetailViewModel.swift in Sources */,
				1E49B55F26B51630001C90CB /* QuoteReview.swift in Sources */,
				1E49B55D26B51618001C90CB /* NetworkRepository.swift in Sources */,
				1E49B59E26B5C4EB001C90CB /* QuoteReviewViewState.swift in Sources */,
				1E49B55E26B5162C001C90CB /* NetworkQuoteReview.swift in Sources */,
				1E49B57526B596F6001C90CB /* XCTest+Extension.swift in Sources */,
				1E49B55926B508FB001C90CB /* NetworkRepositoryTests.swift in Sources */,
				1E49B57A26B599AA001C90CB /* TestCase.swift in Sources */,
				1E49B5A526B5DBA9001C90CB /* UIViewTests.swift in Sources */,
				1E49B59826B5AD6D001C90CB /* DetailViewModelTests.swift in Sources */,
				1E49B58226B59DB1001C90CB /* ViewModel.swift in Sources */,
				1E49B57C26B59A50001C90CB /* MockNetworkController.swift in Sources */,
				1E49B56026B51667001C90CB /* Date+Extension.swift in Sources */,
				1E49B57826B598E0001C90CB /* ListViewModelTests.swift in Sources */,
				1E49B55C26B515BC001C90CB /* NetworkController.swift in Sources */,
				1E49B58026B59DA8001C90CB /* ListViewState.swift in Sources */,
				1E49B57D26B59DA2001C90CB /* MainListViewModel.swift in Sources */,
				1E49B59126B5A969001C90CB /* DetailViewState.swift in Sources */,
			);
			runOnlyForDeploymentPostprocessing = 0;
		};
		1E49B52126B4B356001C90CB /* Sources */ = {
			isa = PBXSourcesBuildPhase;
			buildActionMask = 2147483647;
			files = (
			);
			runOnlyForDeploymentPostprocessing = 0;
		};
		1E49B60026B5EF3C001C90CB /* Sources */ = {
			isa = PBXSourcesBuildPhase;
			buildActionMask = 2147483647;
			files = (
				1E49B64A26B5F0EF001C90CB /* NetworkRepository.swift in Sources */,
				1E49B64226B5F0D0001C90CB /* MainDetailView.swift in Sources */,
				1E49B64726B5F0E4001C90CB /* Color+Extension.swift in Sources */,
				1E49B60C26B5EF3C001C90CB /* ShakespeareApp.swift in Sources */,
				1E49B64926B5F0EC001C90CB /* NetworkController.swift in Sources */,
				1E49B64126B5F0CA001C90CB /* ViewModel.swift in Sources */,
				1E49B64526B5F0DD001C90CB /* QuoteReview.swift in Sources */,
				1E49B64026B5F0BD001C90CB /* QuoteReviewViewState.swift in Sources */,
				1E49B64326B5F0D5001C90CB /* MainDetailViewModel.swift in Sources */,
				1E49B63E26B5F0B3001C90CB /* MainListViewModel.swift in Sources */,
				1E49B63F26B5F0B9001C90CB /* ListViewState.swift in Sources */,
				1E49B63C26B5F09B001C90CB /* MainListView.swift in Sources */,
				1E49B60A26B5EF3C001C90CB /* MainRowView.swift in Sources */,
				1E49B64626B5F0E1001C90CB /* Date+Extension.swift in Sources */,
				1E49B64826B5F0E8001C90CB /* NetworkQuoteReview.swift in Sources */,
				1E49B60E26B5EF3C001C90CB /* ComplicationController.swift in Sources */,
				1E49B64426B5F0D7001C90CB /* DetailViewState.swift in Sources */,
			);
			runOnlyForDeploymentPostprocessing = 0;
		};
		1E49B61526B5EF3E001C90CB /* Sources */ = {
			isa = PBXSourcesBuildPhase;
			buildActionMask = 2147483647;
			files = (
				1E49B61E26B5EF3E001C90CB /* WatchAppTests.swift in Sources */,
			);
			runOnlyForDeploymentPostprocessing = 0;
		};
		1E49B62026B5EF3E001C90CB /* Sources */ = {
			isa = PBXSourcesBuildPhase;
			buildActionMask = 2147483647;
			files = (
				1E49B62926B5EF3F001C90CB /* WatchAppUITests.swift in Sources */,
			);
			runOnlyForDeploymentPostprocessing = 0;
		};
/* End PBXSourcesBuildPhase section */

/* Begin PBXTargetDependency section */
		1E49B51C26B4B356001C90CB /* PBXTargetDependency */ = {
			isa = PBXTargetDependency;
			target = 1E49B50926B4B356001C90CB /* Shakespeare (iOS) */;
			targetProxy = 1E49B51B26B4B356001C90CB /* PBXContainerItemProxy */;
		};
		1E49B52726B4B356001C90CB /* PBXTargetDependency */ = {
			isa = PBXTargetDependency;
			target = 1E49B51126B4B356001C90CB /* Shakespeare (macOS) */;
			targetProxy = 1E49B52626B4B356001C90CB /* PBXContainerItemProxy */;
		};
		1E49B60726B5EF3C001C90CB /* PBXTargetDependency */ = {
			isa = PBXTargetDependency;
			target = 1E49B60326B5EF3C001C90CB /* WatchApp Extension */;
			targetProxy = 1E49B60626B5EF3C001C90CB /* PBXContainerItemProxy */;
		};
		1E49B61B26B5EF3E001C90CB /* PBXTargetDependency */ = {
			isa = PBXTargetDependency;
			target = 1E49B60326B5EF3C001C90CB /* WatchApp Extension */;
			targetProxy = 1E49B61A26B5EF3E001C90CB /* PBXContainerItemProxy */;
		};
		1E49B62626B5EF3F001C90CB /* PBXTargetDependency */ = {
			isa = PBXTargetDependency;
			target = 1E49B5FA26B5EF38001C90CB /* WatchApp */;
			targetProxy = 1E49B62526B5EF3F001C90CB /* PBXContainerItemProxy */;
		};
		1E49B62C26B5EF3F001C90CB /* PBXTargetDependency */ = {
			isa = PBXTargetDependency;
			target = 1E49B5FA26B5EF38001C90CB /* WatchApp */;
			targetProxy = 1E49B62B26B5EF3F001C90CB /* PBXContainerItemProxy */;
		};
/* End PBXTargetDependency section */

/* Begin PBXVariantGroup section */
		1E49B6C926B75543001C90CB /* Localizable.strings */ = {
			isa = PBXVariantGroup;
			children = (
				1E49B6C826B75543001C90CB /* en */,
				1E49B6CA26B75ABB001C90CB /* es */,
			);
			name = Localizable.strings;
			sourceTree = "<group>";
		};
/* End PBXVariantGroup section */

/* Begin XCBuildConfiguration section */
		1E49B53226B4B356001C90CB /* Debug */ = {
			isa = XCBuildConfiguration;
			buildSettings = {
				ALWAYS_SEARCH_USER_PATHS = NO;
				CLANG_ANALYZER_LOCALIZABILITY_NONLOCALIZED = YES;
				CLANG_ANALYZER_NONNULL = YES;
				CLANG_ANALYZER_NUMBER_OBJECT_CONVERSION = YES_AGGRESSIVE;
				CLANG_CXX_LANGUAGE_STANDARD = "gnu++14";
				CLANG_CXX_LIBRARY = "libc++";
				CLANG_ENABLE_MODULES = YES;
				CLANG_ENABLE_OBJC_ARC = YES;
				CLANG_ENABLE_OBJC_WEAK = YES;
				CLANG_WARN_BLOCK_CAPTURE_AUTORELEASING = YES;
				CLANG_WARN_BOOL_CONVERSION = YES;
				CLANG_WARN_COMMA = YES;
				CLANG_WARN_CONSTANT_CONVERSION = YES;
				CLANG_WARN_DEPRECATED_OBJC_IMPLEMENTATIONS = YES;
				CLANG_WARN_DIRECT_OBJC_ISA_USAGE = YES_ERROR;
				CLANG_WARN_DOCUMENTATION_COMMENTS = YES;
				CLANG_WARN_EMPTY_BODY = YES;
				CLANG_WARN_ENUM_CONVERSION = YES;
				CLANG_WARN_INFINITE_RECURSION = YES;
				CLANG_WARN_INT_CONVERSION = YES;
				CLANG_WARN_NON_LITERAL_NULL_CONVERSION = YES;
				CLANG_WARN_OBJC_IMPLICIT_RETAIN_SELF = YES;
				CLANG_WARN_OBJC_LITERAL_CONVERSION = YES;
				CLANG_WARN_OBJC_ROOT_CLASS = YES_ERROR;
				CLANG_WARN_QUOTED_INCLUDE_IN_FRAMEWORK_HEADER = YES;
				CLANG_WARN_RANGE_LOOP_ANALYSIS = YES;
				CLANG_WARN_STRICT_PROTOTYPES = YES;
				CLANG_WARN_SUSPICIOUS_MOVE = YES;
				CLANG_WARN_UNGUARDED_AVAILABILITY = YES_AGGRESSIVE;
				CLANG_WARN_UNREACHABLE_CODE = YES;
				CLANG_WARN__DUPLICATE_METHOD_MATCH = YES;
				COPY_PHASE_STRIP = NO;
				DEBUG_INFORMATION_FORMAT = dwarf;
				ENABLE_STRICT_OBJC_MSGSEND = YES;
				ENABLE_TESTABILITY = YES;
				GCC_C_LANGUAGE_STANDARD = gnu11;
				GCC_DYNAMIC_NO_PIC = NO;
				GCC_NO_COMMON_BLOCKS = YES;
				GCC_OPTIMIZATION_LEVEL = 0;
				GCC_PREPROCESSOR_DEFINITIONS = (
					"DEBUG=1",
					"$(inherited)",
				);
				GCC_WARN_64_TO_32_BIT_CONVERSION = YES;
				GCC_WARN_ABOUT_RETURN_TYPE = YES_ERROR;
				GCC_WARN_UNDECLARED_SELECTOR = YES;
				GCC_WARN_UNINITIALIZED_AUTOS = YES_AGGRESSIVE;
				GCC_WARN_UNUSED_FUNCTION = YES;
				GCC_WARN_UNUSED_VARIABLE = YES;
				MTL_ENABLE_DEBUG_INFO = INCLUDE_SOURCE;
				MTL_FAST_MATH = YES;
				ONLY_ACTIVE_ARCH = YES;
				SWIFT_ACTIVE_COMPILATION_CONDITIONS = DEBUG;
				SWIFT_OPTIMIZATION_LEVEL = "-Onone";
			};
			name = Debug;
		};
		1E49B53326B4B356001C90CB /* Release */ = {
			isa = XCBuildConfiguration;
			buildSettings = {
				ALWAYS_SEARCH_USER_PATHS = NO;
				CLANG_ANALYZER_LOCALIZABILITY_NONLOCALIZED = YES;
				CLANG_ANALYZER_NONNULL = YES;
				CLANG_ANALYZER_NUMBER_OBJECT_CONVERSION = YES_AGGRESSIVE;
				CLANG_CXX_LANGUAGE_STANDARD = "gnu++14";
				CLANG_CXX_LIBRARY = "libc++";
				CLANG_ENABLE_MODULES = YES;
				CLANG_ENABLE_OBJC_ARC = YES;
				CLANG_ENABLE_OBJC_WEAK = YES;
				CLANG_WARN_BLOCK_CAPTURE_AUTORELEASING = YES;
				CLANG_WARN_BOOL_CONVERSION = YES;
				CLANG_WARN_COMMA = YES;
				CLANG_WARN_CONSTANT_CONVERSION = YES;
				CLANG_WARN_DEPRECATED_OBJC_IMPLEMENTATIONS = YES;
				CLANG_WARN_DIRECT_OBJC_ISA_USAGE = YES_ERROR;
				CLANG_WARN_DOCUMENTATION_COMMENTS = YES;
				CLANG_WARN_EMPTY_BODY = YES;
				CLANG_WARN_ENUM_CONVERSION = YES;
				CLANG_WARN_INFINITE_RECURSION = YES;
				CLANG_WARN_INT_CONVERSION = YES;
				CLANG_WARN_NON_LITERAL_NULL_CONVERSION = YES;
				CLANG_WARN_OBJC_IMPLICIT_RETAIN_SELF = YES;
				CLANG_WARN_OBJC_LITERAL_CONVERSION = YES;
				CLANG_WARN_OBJC_ROOT_CLASS = YES_ERROR;
				CLANG_WARN_QUOTED_INCLUDE_IN_FRAMEWORK_HEADER = YES;
				CLANG_WARN_RANGE_LOOP_ANALYSIS = YES;
				CLANG_WARN_STRICT_PROTOTYPES = YES;
				CLANG_WARN_SUSPICIOUS_MOVE = YES;
				CLANG_WARN_UNGUARDED_AVAILABILITY = YES_AGGRESSIVE;
				CLANG_WARN_UNREACHABLE_CODE = YES;
				CLANG_WARN__DUPLICATE_METHOD_MATCH = YES;
				COPY_PHASE_STRIP = NO;
				DEBUG_INFORMATION_FORMAT = "dwarf-with-dsym";
				ENABLE_NS_ASSERTIONS = NO;
				ENABLE_STRICT_OBJC_MSGSEND = YES;
				GCC_C_LANGUAGE_STANDARD = gnu11;
				GCC_NO_COMMON_BLOCKS = YES;
				GCC_WARN_64_TO_32_BIT_CONVERSION = YES;
				GCC_WARN_ABOUT_RETURN_TYPE = YES_ERROR;
				GCC_WARN_UNDECLARED_SELECTOR = YES;
				GCC_WARN_UNINITIALIZED_AUTOS = YES_AGGRESSIVE;
				GCC_WARN_UNUSED_FUNCTION = YES;
				GCC_WARN_UNUSED_VARIABLE = YES;
				MTL_ENABLE_DEBUG_INFO = NO;
				MTL_FAST_MATH = YES;
				SWIFT_COMPILATION_MODE = wholemodule;
				SWIFT_OPTIMIZATION_LEVEL = "-O";
			};
			name = Release;
		};
		1E49B53526B4B356001C90CB /* Debug */ = {
			isa = XCBuildConfiguration;
			buildSettings = {
				ASSETCATALOG_COMPILER_APPICON_NAME = AppIcon;
				ASSETCATALOG_COMPILER_GLOBAL_ACCENT_COLOR_NAME = AccentColor;
				CODE_SIGN_STYLE = Automatic;
				ENABLE_PREVIEWS = YES;
				INFOPLIST_FILE = iOS/Info.plist;
				IPHONEOS_DEPLOYMENT_TARGET = 14.0;
				LD_RUNPATH_SEARCH_PATHS = (
					"$(inherited)",
					"@executable_path/Frameworks",
				);
				PRODUCT_BUNDLE_IDENTIFIER = com.roschaun.Shakespeare;
				PRODUCT_NAME = Shakespeare;
				SDKROOT = iphoneos;
				SWIFT_VERSION = 5.0;
				TARGETED_DEVICE_FAMILY = "1,2";
			};
			name = Debug;
		};
		1E49B53626B4B356001C90CB /* Release */ = {
			isa = XCBuildConfiguration;
			buildSettings = {
				ASSETCATALOG_COMPILER_APPICON_NAME = AppIcon;
				ASSETCATALOG_COMPILER_GLOBAL_ACCENT_COLOR_NAME = AccentColor;
				CODE_SIGN_STYLE = Automatic;
				ENABLE_PREVIEWS = YES;
				INFOPLIST_FILE = iOS/Info.plist;
				IPHONEOS_DEPLOYMENT_TARGET = 14.0;
				LD_RUNPATH_SEARCH_PATHS = (
					"$(inherited)",
					"@executable_path/Frameworks",
				);
				PRODUCT_BUNDLE_IDENTIFIER = com.roschaun.Shakespeare;
				PRODUCT_NAME = Shakespeare;
				SDKROOT = iphoneos;
				SWIFT_VERSION = 5.0;
				TARGETED_DEVICE_FAMILY = "1,2";
				VALIDATE_PRODUCT = YES;
			};
			name = Release;
		};
		1E49B53826B4B356001C90CB /* Debug */ = {
			isa = XCBuildConfiguration;
			buildSettings = {
				ASSETCATALOG_COMPILER_APPICON_NAME = AppIcon;
				ASSETCATALOG_COMPILER_GLOBAL_ACCENT_COLOR_NAME = AccentColor;
				CODE_SIGN_ENTITLEMENTS = macOS/macOS.entitlements;
				CODE_SIGN_STYLE = Automatic;
				COMBINE_HIDPI_IMAGES = YES;
				ENABLE_PREVIEWS = YES;
				INFOPLIST_FILE = macOS/Info.plist;
				LD_RUNPATH_SEARCH_PATHS = (
					"$(inherited)",
					"@executable_path/../Frameworks",
				);
				MACOSX_DEPLOYMENT_TARGET = 11.0;
				PRODUCT_BUNDLE_IDENTIFIER = com.roschaun.Shakespeare;
				PRODUCT_NAME = Shakespeare;
				SDKROOT = macosx;
				SWIFT_VERSION = 5.0;
			};
			name = Debug;
		};
		1E49B53926B4B356001C90CB /* Release */ = {
			isa = XCBuildConfiguration;
			buildSettings = {
				ASSETCATALOG_COMPILER_APPICON_NAME = AppIcon;
				ASSETCATALOG_COMPILER_GLOBAL_ACCENT_COLOR_NAME = AccentColor;
				CODE_SIGN_ENTITLEMENTS = macOS/macOS.entitlements;
				CODE_SIGN_STYLE = Automatic;
				COMBINE_HIDPI_IMAGES = YES;
				ENABLE_PREVIEWS = YES;
				INFOPLIST_FILE = macOS/Info.plist;
				LD_RUNPATH_SEARCH_PATHS = (
					"$(inherited)",
					"@executable_path/../Frameworks",
				);
				MACOSX_DEPLOYMENT_TARGET = 11.0;
				PRODUCT_BUNDLE_IDENTIFIER = com.roschaun.Shakespeare;
				PRODUCT_NAME = Shakespeare;
				SDKROOT = macosx;
				SWIFT_VERSION = 5.0;
			};
			name = Release;
		};
		1E49B53B26B4B356001C90CB /* Debug */ = {
			isa = XCBuildConfiguration;
			buildSettings = {
				ALWAYS_EMBED_SWIFT_STANDARD_LIBRARIES = YES;
				CODE_SIGN_STYLE = Automatic;
				INFOPLIST_FILE = "Tests iOS/Info.plist";
				IPHONEOS_DEPLOYMENT_TARGET = 14.5;
				LD_RUNPATH_SEARCH_PATHS = (
					"$(inherited)",
					"@executable_path/Frameworks",
					"@loader_path/Frameworks",
				);
				PRODUCT_BUNDLE_IDENTIFIER = "com.roschaun.Tests-iOS";
				PRODUCT_NAME = "$(TARGET_NAME)";
				SDKROOT = iphoneos;
				SWIFT_VERSION = 5.0;
				TARGETED_DEVICE_FAMILY = "1,2";
				TEST_TARGET_NAME = "Shakespeare (iOS)";
			};
			name = Debug;
		};
		1E49B53C26B4B356001C90CB /* Release */ = {
			isa = XCBuildConfiguration;
			buildSettings = {
				ALWAYS_EMBED_SWIFT_STANDARD_LIBRARIES = YES;
				CODE_SIGN_STYLE = Automatic;
				INFOPLIST_FILE = "Tests iOS/Info.plist";
				IPHONEOS_DEPLOYMENT_TARGET = 14.5;
				LD_RUNPATH_SEARCH_PATHS = (
					"$(inherited)",
					"@executable_path/Frameworks",
					"@loader_path/Frameworks",
				);
				PRODUCT_BUNDLE_IDENTIFIER = "com.roschaun.Tests-iOS";
				PRODUCT_NAME = "$(TARGET_NAME)";
				SDKROOT = iphoneos;
				SWIFT_VERSION = 5.0;
				TARGETED_DEVICE_FAMILY = "1,2";
				TEST_TARGET_NAME = "Shakespeare (iOS)";
				VALIDATE_PRODUCT = YES;
			};
			name = Release;
		};
		1E49B53E26B4B356001C90CB /* Debug */ = {
			isa = XCBuildConfiguration;
			buildSettings = {
				ALWAYS_EMBED_SWIFT_STANDARD_LIBRARIES = YES;
				CODE_SIGN_STYLE = Automatic;
				COMBINE_HIDPI_IMAGES = YES;
				INFOPLIST_FILE = "Tests macOS/Info.plist";
				LD_RUNPATH_SEARCH_PATHS = (
					"$(inherited)",
					"@executable_path/../Frameworks",
					"@loader_path/../Frameworks",
				);
				MACOSX_DEPLOYMENT_TARGET = 11.3;
				PRODUCT_BUNDLE_IDENTIFIER = "com.roschaun.Tests-macOS";
				PRODUCT_NAME = "$(TARGET_NAME)";
				SDKROOT = macosx;
				SWIFT_VERSION = 5.0;
				TEST_TARGET_NAME = "Shakespeare (macOS)";
			};
			name = Debug;
		};
		1E49B53F26B4B356001C90CB /* Release */ = {
			isa = XCBuildConfiguration;
			buildSettings = {
				ALWAYS_EMBED_SWIFT_STANDARD_LIBRARIES = YES;
				CODE_SIGN_STYLE = Automatic;
				COMBINE_HIDPI_IMAGES = YES;
				INFOPLIST_FILE = "Tests macOS/Info.plist";
				LD_RUNPATH_SEARCH_PATHS = (
					"$(inherited)",
					"@executable_path/../Frameworks",
					"@loader_path/../Frameworks",
				);
				MACOSX_DEPLOYMENT_TARGET = 11.3;
				PRODUCT_BUNDLE_IDENTIFIER = "com.roschaun.Tests-macOS";
				PRODUCT_NAME = "$(TARGET_NAME)";
				SDKROOT = macosx;
				SWIFT_VERSION = 5.0;
				TEST_TARGET_NAME = "Shakespeare (macOS)";
			};
			name = Release;
		};
		1E49B62F26B5EF3F001C90CB /* Debug */ = {
			isa = XCBuildConfiguration;
			buildSettings = {
				ALWAYS_EMBED_SWIFT_STANDARD_LIBRARIES = YES;
				ASSETCATALOG_COMPILER_APPICON_NAME = AppIcon;
				ASSETCATALOG_COMPILER_GLOBAL_ACCENT_COLOR_NAME = AccentColor;
				CODE_SIGN_STYLE = Automatic;
				IBSC_MODULE = WatchApp_Extension;
				INFOPLIST_FILE = WatchApp/Info.plist;
				PRODUCT_BUNDLE_IDENTIFIER = com.roschaun.Shakespeare.watchkitapp;
				PRODUCT_NAME = "$(TARGET_NAME)";
				SDKROOT = watchos;
				SKIP_INSTALL = YES;
				SWIFT_VERSION = 5.0;
				TARGETED_DEVICE_FAMILY = 4;
				WATCHOS_DEPLOYMENT_TARGET = 7.4;
			};
			name = Debug;
		};
		1E49B63026B5EF3F001C90CB /* Release */ = {
			isa = XCBuildConfiguration;
			buildSettings = {
				ALWAYS_EMBED_SWIFT_STANDARD_LIBRARIES = YES;
				ASSETCATALOG_COMPILER_APPICON_NAME = AppIcon;
				ASSETCATALOG_COMPILER_GLOBAL_ACCENT_COLOR_NAME = AccentColor;
				CODE_SIGN_STYLE = Automatic;
				IBSC_MODULE = WatchApp_Extension;
				INFOPLIST_FILE = WatchApp/Info.plist;
				PRODUCT_BUNDLE_IDENTIFIER = com.roschaun.Shakespeare.watchkitapp;
				PRODUCT_NAME = "$(TARGET_NAME)";
				SDKROOT = watchos;
				SKIP_INSTALL = YES;
				SWIFT_VERSION = 5.0;
				TARGETED_DEVICE_FAMILY = 4;
				VALIDATE_PRODUCT = YES;
				WATCHOS_DEPLOYMENT_TARGET = 7.4;
			};
			name = Release;
		};
		1E49B63226B5EF3F001C90CB /* Debug */ = {
			isa = XCBuildConfiguration;
			buildSettings = {
				ASSETCATALOG_COMPILER_COMPLICATION_NAME = Complication;
				CODE_SIGN_STYLE = Automatic;
				DEVELOPMENT_ASSET_PATHS = "\"WatchApp Extension/Preview Content\"";
				ENABLE_PREVIEWS = YES;
				INFOPLIST_FILE = "WatchApp Extension/Info.plist";
				LD_RUNPATH_SEARCH_PATHS = (
					"$(inherited)",
					"@executable_path/Frameworks",
					"@executable_path/../../Frameworks",
				);
				PRODUCT_BUNDLE_IDENTIFIER = com.roschaun.Shakespeare.watchkitapp.watchkitextension;
				PRODUCT_NAME = "${TARGET_NAME}";
				SDKROOT = watchos;
				SKIP_INSTALL = YES;
				SWIFT_VERSION = 5.0;
				TARGETED_DEVICE_FAMILY = 4;
				WATCHOS_DEPLOYMENT_TARGET = 7.4;
			};
			name = Debug;
		};
		1E49B63326B5EF3F001C90CB /* Release */ = {
			isa = XCBuildConfiguration;
			buildSettings = {
				ASSETCATALOG_COMPILER_COMPLICATION_NAME = Complication;
				CODE_SIGN_STYLE = Automatic;
				DEVELOPMENT_ASSET_PATHS = "\"WatchApp Extension/Preview Content\"";
				ENABLE_PREVIEWS = YES;
				INFOPLIST_FILE = "WatchApp Extension/Info.plist";
				LD_RUNPATH_SEARCH_PATHS = (
					"$(inherited)",
					"@executable_path/Frameworks",
					"@executable_path/../../Frameworks",
				);
				PRODUCT_BUNDLE_IDENTIFIER = com.roschaun.Shakespeare.watchkitapp.watchkitextension;
				PRODUCT_NAME = "${TARGET_NAME}";
				SDKROOT = watchos;
				SKIP_INSTALL = YES;
				SWIFT_VERSION = 5.0;
				TARGETED_DEVICE_FAMILY = 4;
				VALIDATE_PRODUCT = YES;
				WATCHOS_DEPLOYMENT_TARGET = 7.4;
			};
			name = Release;
		};
		1E49B63426B5EF3F001C90CB /* Debug */ = {
			isa = XCBuildConfiguration;
			buildSettings = {
				ALWAYS_EMBED_SWIFT_STANDARD_LIBRARIES = YES;
				BUNDLE_LOADER = "$(TEST_HOST)";
				CODE_SIGN_STYLE = Automatic;
				INFOPLIST_FILE = WatchAppTests/Info.plist;
				LD_RUNPATH_SEARCH_PATHS = (
					"$(inherited)",
					"@executable_path/Frameworks",
					"@loader_path/Frameworks",
				);
				PRODUCT_BUNDLE_IDENTIFIER = com.roschaun.Shakespeare.WatchAppTests;
				PRODUCT_NAME = "$(TARGET_NAME)";
				SDKROOT = watchos;
				SWIFT_VERSION = 5.0;
				TARGETED_DEVICE_FAMILY = 4;
				TEST_HOST = "$(BUILT_PRODUCTS_DIR)/WatchApp Extension.appex/WatchApp Extension";
				WATCHOS_DEPLOYMENT_TARGET = 7.4;
			};
			name = Debug;
		};
		1E49B63526B5EF3F001C90CB /* Release */ = {
			isa = XCBuildConfiguration;
			buildSettings = {
				ALWAYS_EMBED_SWIFT_STANDARD_LIBRARIES = YES;
				BUNDLE_LOADER = "$(TEST_HOST)";
				CODE_SIGN_STYLE = Automatic;
				INFOPLIST_FILE = WatchAppTests/Info.plist;
				LD_RUNPATH_SEARCH_PATHS = (
					"$(inherited)",
					"@executable_path/Frameworks",
					"@loader_path/Frameworks",
				);
				PRODUCT_BUNDLE_IDENTIFIER = com.roschaun.Shakespeare.WatchAppTests;
				PRODUCT_NAME = "$(TARGET_NAME)";
				SDKROOT = watchos;
				SWIFT_VERSION = 5.0;
				TARGETED_DEVICE_FAMILY = 4;
				TEST_HOST = "$(BUILT_PRODUCTS_DIR)/WatchApp Extension.appex/WatchApp Extension";
				VALIDATE_PRODUCT = YES;
				WATCHOS_DEPLOYMENT_TARGET = 7.4;
			};
			name = Release;
		};
		1E49B63626B5EF3F001C90CB /* Debug */ = {
			isa = XCBuildConfiguration;
			buildSettings = {
				CODE_SIGN_STYLE = Automatic;
				INFOPLIST_FILE = WatchAppUITests/Info.plist;
				LD_RUNPATH_SEARCH_PATHS = (
					"$(inherited)",
					"@executable_path/Frameworks",
					"@loader_path/Frameworks",
				);
				PRODUCT_BUNDLE_IDENTIFIER = com.roschaun.Shakespeare.WatchAppUITests;
				PRODUCT_NAME = "$(TARGET_NAME)";
				SDKROOT = watchos;
				SWIFT_VERSION = 5.0;
				TARGETED_DEVICE_FAMILY = 4;
				TEST_TARGET_NAME = WatchApp;
				WATCHOS_DEPLOYMENT_TARGET = 7.4;
			};
			name = Debug;
		};
		1E49B63726B5EF3F001C90CB /* Release */ = {
			isa = XCBuildConfiguration;
			buildSettings = {
				CODE_SIGN_STYLE = Automatic;
				INFOPLIST_FILE = WatchAppUITests/Info.plist;
				LD_RUNPATH_SEARCH_PATHS = (
					"$(inherited)",
					"@executable_path/Frameworks",
					"@loader_path/Frameworks",
				);
				PRODUCT_BUNDLE_IDENTIFIER = com.roschaun.Shakespeare.WatchAppUITests;
				PRODUCT_NAME = "$(TARGET_NAME)";
				SDKROOT = watchos;
				SWIFT_VERSION = 5.0;
				TARGETED_DEVICE_FAMILY = 4;
				TEST_TARGET_NAME = WatchApp;
				VALIDATE_PRODUCT = YES;
				WATCHOS_DEPLOYMENT_TARGET = 7.4;
			};
			name = Release;
		};
/* End XCBuildConfiguration section */

/* Begin XCConfigurationList section */
		1E49B50126B4B352001C90CB /* Build configuration list for PBXProject "Shakespeare" */ = {
			isa = XCConfigurationList;
			buildConfigurations = (
				1E49B53226B4B356001C90CB /* Debug */,
				1E49B53326B4B356001C90CB /* Release */,
			);
			defaultConfigurationIsVisible = 0;
			defaultConfigurationName = Release;
		};
		1E49B53426B4B356001C90CB /* Build configuration list for PBXNativeTarget "Shakespeare (iOS)" */ = {
			isa = XCConfigurationList;
			buildConfigurations = (
				1E49B53526B4B356001C90CB /* Debug */,
				1E49B53626B4B356001C90CB /* Release */,
			);
			defaultConfigurationIsVisible = 0;
			defaultConfigurationName = Release;
		};
		1E49B53726B4B356001C90CB /* Build configuration list for PBXNativeTarget "Shakespeare (macOS)" */ = {
			isa = XCConfigurationList;
			buildConfigurations = (
				1E49B53826B4B356001C90CB /* Debug */,
				1E49B53926B4B356001C90CB /* Release */,
			);
			defaultConfigurationIsVisible = 0;
			defaultConfigurationName = Release;
		};
		1E49B53A26B4B356001C90CB /* Build configuration list for PBXNativeTarget "Tests iOS" */ = {
			isa = XCConfigurationList;
			buildConfigurations = (
				1E49B53B26B4B356001C90CB /* Debug */,
				1E49B53C26B4B356001C90CB /* Release */,
			);
			defaultConfigurationIsVisible = 0;
			defaultConfigurationName = Release;
		};
		1E49B53D26B4B356001C90CB /* Build configuration list for PBXNativeTarget "Tests macOS" */ = {
			isa = XCConfigurationList;
			buildConfigurations = (
				1E49B53E26B4B356001C90CB /* Debug */,
				1E49B53F26B4B356001C90CB /* Release */,
			);
			defaultConfigurationIsVisible = 0;
			defaultConfigurationName = Release;
		};
		1E49B63826B5EF3F001C90CB /* Build configuration list for PBXNativeTarget "WatchApp Extension" */ = {
			isa = XCConfigurationList;
			buildConfigurations = (
				1E49B63226B5EF3F001C90CB /* Debug */,
				1E49B63326B5EF3F001C90CB /* Release */,
			);
			defaultConfigurationIsVisible = 0;
			defaultConfigurationName = Release;
		};
		1E49B63926B5EF3F001C90CB /* Build configuration list for PBXNativeTarget "WatchApp" */ = {
			isa = XCConfigurationList;
			buildConfigurations = (
				1E49B62F26B5EF3F001C90CB /* Debug */,
				1E49B63026B5EF3F001C90CB /* Release */,
			);
			defaultConfigurationIsVisible = 0;
			defaultConfigurationName = Release;
		};
		1E49B63A26B5EF3F001C90CB /* Build configuration list for PBXNativeTarget "WatchAppTests" */ = {
			isa = XCConfigurationList;
			buildConfigurations = (
				1E49B63426B5EF3F001C90CB /* Debug */,
				1E49B63526B5EF3F001C90CB /* Release */,
			);
			defaultConfigurationIsVisible = 0;
			defaultConfigurationName = Release;
		};
		1E49B63B26B5EF3F001C90CB /* Build configuration list for PBXNativeTarget "WatchAppUITests" */ = {
			isa = XCConfigurationList;
			buildConfigurations = (
				1E49B63626B5EF3F001C90CB /* Debug */,
				1E49B63726B5EF3F001C90CB /* Release */,
			);
			defaultConfigurationIsVisible = 0;
			defaultConfigurationName = Release;
		};
/* End XCConfigurationList section */
	};
	rootObject = 1E49B4FE26B4B352001C90CB /* Project object */;
}
